PODS:
  - agora_rtc_engine (0.0.1):
    - AgoraIrisRTC_macOS (= 4.2.6-build.3)
    - AgoraRtcEngine_macOS (= 4.2.6)
    - FlutterMacOS
  - AgoraIrisRTC_macOS (4.2.6-build.3)
  - AgoraRtcEngine_macOS (4.2.6):
    - AgoraRtcEngine_macOS/AIAEC (= 4.2.6)
    - AgoraRtcEngine_macOS/AINS (= 4.2.6)
    - AgoraRtcEngine_macOS/AudioBeauty (= 4.2.6)
    - AgoraRtcEngine_macOS/ClearVision (= 4.2.6)
    - AgoraRtcEngine_macOS/ContentInspect (= 4.2.6)
    - AgoraRtcEngine_macOS/DRM (= 4.2.6)
    - AgoraRtcEngine_macOS/FaceDetection (= 4.2.6)
    - AgoraRtcEngine_macOS/RtcBasic (= 4.2.6)
    - AgoraRtcEngine_macOS/ScreenCapture (= 4.2.6)
    - AgoraRtcEngine_macOS/SpatialAudio (= 4.2.6)
    - AgoraRtcEngine_macOS/VideoCodecDec (= 4.2.6)
    - AgoraRtcEngine_macOS/VideoCodecEnc (= 4.2.6)
    - AgoraRtcEngine_macOS/VirtualBackground (= 4.2.6)
    - AgoraRtcEngine_macOS/VQA (= 4.2.6)
  - AgoraRtcEngine_macOS/AIAEC (4.2.6)
  - AgoraRtcEngine_macOS/AINS (4.2.6)
  - AgoraRtcEngine_macOS/AudioBeauty (4.2.6)
  - AgoraRtcEngine_macOS/ClearVision (4.2.6)
  - AgoraRtcEngine_macOS/ContentInspect (4.2.6)
  - AgoraRtcEngine_macOS/DRM (4.2.6)
  - AgoraRtcEngine_macOS/FaceDetection (4.2.6)
  - AgoraRtcEngine_macOS/RtcBasic (4.2.6)
  - AgoraRtcEngine_macOS/ScreenCapture (4.2.6)
  - AgoraRtcEngine_macOS/SpatialAudio (4.2.6)
  - AgoraRtcEngine_macOS/VideoCodecDec (4.2.6)
  - AgoraRtcEngine_macOS/VideoCodecEnc (4.2.6)
  - AgoraRtcEngine_macOS/VirtualBackground (4.2.6)
  - AgoraRtcEngine_macOS/VQA (4.2.6)
  - FlutterMacOS (1.0.0)
  - iris_method_channel (0.0.1):
    - FlutterMacOS
  - path_provider_foundation (0.0.1):
    - Flutter
    - FlutterMacOS
  - sqflite (0.0.3):
    - Flutter
    - FlutterMacOS

DEPENDENCIES:
  - agora_rtc_engine (from `Flutter/ephemeral/.symlinks/plugins/agora_rtc_engine/macos`)
  - FlutterMacOS (from `Flutter/ephemeral`)
  - iris_method_channel (from `Flutter/ephemeral/.symlinks/plugins/iris_method_channel/macos`)
  - path_provider_foundation (from `Flutter/ephemeral/.symlinks/plugins/path_provider_foundation/darwin`)
  - sqflite (from `Flutter/ephemeral/.symlinks/plugins/sqflite/darwin`)

SPEC REPOS:
  trunk:
    - AgoraIrisRTC_macOS
    - AgoraRtcEngine_macOS

EXTERNAL SOURCES:
  agora_rtc_engine:
    :path: Flutter/ephemeral/.symlinks/plugins/agora_rtc_engine/macos
  FlutterMacOS:
    :path: Flutter/ephemeral
  iris_method_channel:
    :path: Flutter/ephemeral/.symlinks/plugins/iris_method_channel/macos
  path_provider_foundation:
    :path: Flutter/ephemeral/.symlinks/plugins/path_provider_foundation/darwin
  sqflite:
    :path: Flutter/ephemeral/.symlinks/plugins/sqflite/darwin

SPEC CHECKSUMS:
  agora_rtc_engine: bc8bfb8d4c73647350ce64540b271cc7140ca22e
  AgoraIrisRTC_macOS: f83779c068bc9fada40036b4a2808935e39754fa
  AgoraRtcEngine_macOS: f71f6d1832658993059c89c17e9cfe3eb434dd63
  FlutterMacOS: 8f6f14fa908a6fb3fba0cd85dbd81ec4b251fb24
  iris_method_channel: fba932d668df5b2a085f19bcd0b1f23d667a83cd
  path_provider_foundation: 3784922295ac71e43754bd15e0653ccfd36a147c
  sqflite: 673a0e54cc04b7d6dba8d24fb8095b31c3a99eec

PODFILE CHECKSUM: 236401fc2c932af29a9fcf0e97baeeb2d750d367

COCOAPODS: 1.15.2
